# This file is @generated by PDM.
# It is not intended for manual editing.

[metadata]
groups = ["default", "dev", "docs"]
strategy = ["cross_platform", "inherit_metadata"]
lock_version = "4.4.1"
content_hash = "sha256:d24b14ca4c72d0c195fdc37b5ce2fd7a29b97831cad8c6ca306bd18ef65efe49"

[[package]]
name = "alabaster"
version = "0.7.16"
requires_python = ">=3.9"
summary = "A light, configurable Sphinx theme"
groups = ["docs"]
files = [
    {file = "alabaster-0.7.16-py3-none-any.whl", hash = "sha256:b46733c07dce03ae4e150330b975c75737fa60f0a7c591b6c8bf4928a28e2c92"},
    {file = "alabaster-0.7.16.tar.gz", hash = "sha256:75a8b99c28a5dad50dd7f8ccdd447a121ddb3892da9e53d1ca5cca3106d58d65"},
]

[[package]]
name = "astroid"
version = "3.1.0"
requires_python = ">=3.8.0"
summary = "An abstract syntax tree for Python with inference support."
groups = ["dev"]
files = [
    {file = "astroid-3.1.0-py3-none-any.whl", hash = "sha256:951798f922990137ac090c53af473db7ab4e70c770e6d7fae0cec59f74411819"},
    {file = "astroid-3.1.0.tar.gz", hash = "sha256:ac248253bfa4bd924a0de213707e7ebeeb3138abeb48d798784ead1e56d419d4"},
]

[[package]]
name = "attrs"
version = "23.2.0"
requires_python = ">=3.7"
summary = "Classes Without Boilerplate"
groups = ["dev"]
files = [
    {file = "attrs-23.2.0-py3-none-any.whl", hash = "sha256:99b87a485a5820b23b879f04c2305b44b951b502fd64be915879d77a7e8fc6f1"},
    {file = "attrs-23.2.0.tar.gz", hash = "sha256:935dc3b529c262f6cf76e50877d35a4bd3c1de194fd41f47a2b7ae8f19971f30"},
]

[[package]]
name = "babel"
version = "2.15.0"
requires_python = ">=3.8"
summary = "Internationalization utilities"
groups = ["docs"]
files = [
    {file = "Babel-2.15.0-py3-none-any.whl", hash = "sha256:08706bdad8d0a3413266ab61bd6c34d0c28d6e1e7badf40a2cebe67644e2e1fb"},
    {file = "babel-2.15.0.tar.gz", hash = "sha256:8daf0e265d05768bc6c7a314cf1321e9a123afc328cc635c18622a2f30a04413"},
]

[[package]]
name = "bandit"
version = "1.7.8"
requires_python = ">=3.8"
summary = "Security oriented static analyser for python code."
groups = ["dev"]
dependencies = [
    "PyYAML>=5.3.1",
    "colorama>=0.3.9; platform_system == \"Windows\"",
    "rich",
    "stevedore>=1.20.0",
]
files = [
    {file = "bandit-1.7.8-py3-none-any.whl", hash = "sha256:509f7af645bc0cd8fd4587abc1a038fc795636671ee8204d502b933aee44f381"},
    {file = "bandit-1.7.8.tar.gz", hash = "sha256:36de50f720856ab24a24dbaa5fee2c66050ed97c1477e0a1159deab1775eab6b"},
]

[[package]]
name = "bandit"
version = "1.7.8"
extras = ["toml"]
requires_python = ">=3.8"
summary = "Security oriented static analyser for python code."
groups = ["dev"]
dependencies = [
    "bandit==1.7.8",
]
files = [
    {file = "bandit-1.7.8-py3-none-any.whl", hash = "sha256:509f7af645bc0cd8fd4587abc1a038fc795636671ee8204d502b933aee44f381"},
    {file = "bandit-1.7.8.tar.gz", hash = "sha256:36de50f720856ab24a24dbaa5fee2c66050ed97c1477e0a1159deab1775eab6b"},
]

[[package]]
name = "black"
version = "24.4.2"
requires_python = ">=3.8"
summary = "The uncompromising code formatter."
groups = ["dev"]
dependencies = [
    "click>=8.0.0",
    "mypy-extensions>=0.4.3",
    "packaging>=22.0",
    "pathspec>=0.9.0",
    "platformdirs>=2",
]
files = [
    {file = "black-24.4.2-cp312-cp312-macosx_10_9_x86_64.whl", hash = "sha256:accf49e151c8ed2c0cdc528691838afd217c50412534e876a19270fea1e28e2d"},
    {file = "black-24.4.2-cp312-cp312-macosx_11_0_arm64.whl", hash = "sha256:88c57dc656038f1ab9f92b3eb5335ee9b021412feaa46330d5eba4e51fe49b04"},
    {file = "black-24.4.2-cp312-cp312-manylinux_2_17_x86_64.manylinux2014_x86_64.whl", hash = "sha256:be8bef99eb46d5021bf053114442914baeb3649a89dc5f3a555c88737e5e98fc"},
    {file = "black-24.4.2-cp312-cp312-win_amd64.whl", hash = "sha256:415e686e87dbbe6f4cd5ef0fbf764af7b89f9057b97c908742b6008cc554b9c0"},
    {file = "black-24.4.2-py3-none-any.whl", hash = "sha256:d36ed1124bb81b32f8614555b34cc4259c3fbc7eec17870e8ff8ded335b58d8c"},
    {file = "black-24.4.2.tar.gz", hash = "sha256:c872b53057f000085da66a19c55d68f6f8ddcac2642392ad3a355878406fbd4d"},
]

[[package]]
name = "build"
version = "1.2.1"
requires_python = ">=3.8"
summary = "A simple, correct Python build frontend"
groups = ["dev"]
dependencies = [
    "colorama; os_name == \"nt\"",
    "packaging>=19.1",
    "pyproject-hooks",
]
files = [
    {file = "build-1.2.1-py3-none-any.whl", hash = "sha256:75e10f767a433d9a86e50d83f418e83efc18ede923ee5ff7df93b6cb0306c5d4"},
    {file = "build-1.2.1.tar.gz", hash = "sha256:526263f4870c26f26c433545579475377b2b7588b6f1eac76a001e873ae3e19d"},
]

[[package]]
name = "certifi"
version = "2024.2.2"
requires_python = ">=3.6"
summary = "Python package for providing Mozilla's CA Bundle."
groups = ["docs"]
files = [
    {file = "certifi-2024.2.2-py3-none-any.whl", hash = "sha256:dc383c07b76109f368f6106eee2b593b04a011ea4d55f652c6ca24a754d1cdd1"},
    {file = "certifi-2024.2.2.tar.gz", hash = "sha256:0569859f95fc761b18b45ef421b1290a0f65f147e92a1e5eb3e635f9a5e4e66f"},
]

[[package]]
name = "cfgv"
version = "3.4.0"
requires_python = ">=3.8"
summary = "Validate configuration and produce human readable error messages."
groups = ["dev"]
files = [
    {file = "cfgv-3.4.0-py2.py3-none-any.whl", hash = "sha256:b7265b1f29fd3316bfcd2b330d63d024f2bfd8bcb8b0272f8e19a504856c48f9"},
    {file = "cfgv-3.4.0.tar.gz", hash = "sha256:e52591d4c5f5dead8e0f673fb16db7949d2cfb3f7da4582893288f0ded8fe560"},
]

[[package]]
name = "charset-normalizer"
version = "3.3.2"
requires_python = ">=3.7.0"
summary = "The Real First Universal Charset Detector. Open, modern and actively maintained alternative to Chardet."
groups = ["docs"]
files = [
    {file = "charset-normalizer-3.3.2.tar.gz", hash = "sha256:f30c3cb33b24454a82faecaf01b19c18562b1e89558fb6c56de4d9118a032fd5"},
    {file = "charset_normalizer-3.3.2-cp312-cp312-macosx_10_9_universal2.whl", hash = "sha256:0b2b64d2bb6d3fb9112bafa732def486049e63de9618b5843bcdd081d8144cd8"},
    {file = "charset_normalizer-3.3.2-cp312-cp312-macosx_10_9_x86_64.whl", hash = "sha256:ddbb2551d7e0102e7252db79ba445cdab71b26640817ab1e3e3648dad515003b"},
    {file = "charset_normalizer-3.3.2-cp312-cp312-macosx_11_0_arm64.whl", hash = "sha256:55086ee1064215781fff39a1af09518bc9255b50d6333f2e4c74ca09fac6a8f6"},
    {file = "charset_normalizer-3.3.2-cp312-cp312-manylinux_2_17_aarch64.manylinux2014_aarch64.whl", hash = "sha256:8f4a014bc36d3c57402e2977dada34f9c12300af536839dc38c0beab8878f38a"},
    {file = "charset_normalizer-3.3.2-cp312-cp312-manylinux_2_17_ppc64le.manylinux2014_ppc64le.whl", hash = "sha256:a10af20b82360ab00827f916a6058451b723b4e65030c5a18577c8b2de5b3389"},
    {file = "charset_normalizer-3.3.2-cp312-cp312-manylinux_2_17_s390x.manylinux2014_s390x.whl", hash = "sha256:8d756e44e94489e49571086ef83b2bb8ce311e730092d2c34ca8f7d925cb20aa"},
    {file = "charset_normalizer-3.3.2-cp312-cp312-manylinux_2_17_x86_64.manylinux2014_x86_64.whl", hash = "sha256:90d558489962fd4918143277a773316e56c72da56ec7aa3dc3dbbe20fdfed15b"},
    {file = "charset_normalizer-3.3.2-cp312-cp312-manylinux_2_5_i686.manylinux1_i686.manylinux_2_17_i686.manylinux2014_i686.whl", hash = "sha256:6ac7ffc7ad6d040517be39eb591cac5ff87416c2537df6ba3cba3bae290c0fed"},
    {file = "charset_normalizer-3.3.2-cp312-cp312-musllinux_1_1_aarch64.whl", hash = "sha256:7ed9e526742851e8d5cc9e6cf41427dfc6068d4f5a3bb03659444b4cabf6bc26"},
    {file = "charset_normalizer-3.3.2-cp312-cp312-musllinux_1_1_i686.whl", hash = "sha256:8bdb58ff7ba23002a4c5808d608e4e6c687175724f54a5dade5fa8c67b604e4d"},
    {file = "charset_normalizer-3.3.2-cp312-cp312-musllinux_1_1_ppc64le.whl", hash = "sha256:6b3251890fff30ee142c44144871185dbe13b11bab478a88887a639655be1068"},
    {file = "charset_normalizer-3.3.2-cp312-cp312-musllinux_1_1_s390x.whl", hash = "sha256:b4a23f61ce87adf89be746c8a8974fe1c823c891d8f86eb218bb957c924bb143"},
    {file = "charset_normalizer-3.3.2-cp312-cp312-musllinux_1_1_x86_64.whl", hash = "sha256:efcb3f6676480691518c177e3b465bcddf57cea040302f9f4e6e191af91174d4"},
    {file = "charset_normalizer-3.3.2-cp312-cp312-win32.whl", hash = "sha256:d965bba47ddeec8cd560687584e88cf699fd28f192ceb452d1d7ee807c5597b7"},
    {file = "charset_normalizer-3.3.2-cp312-cp312-win_amd64.whl", hash = "sha256:96b02a3dc4381e5494fad39be677abcb5e6634bf7b4fa83a6dd3112607547001"},
    {file = "charset_normalizer-3.3.2-py3-none-any.whl", hash = "sha256:3e4d1f6587322d2788836a99c69062fbb091331ec940e02d12d179c1d53e25fc"},
]

[[package]]
name = "check-manifest"
version = "0.49"
requires_python = ">=3.7"
summary = "Check MANIFEST.in in a Python source package for completeness"
groups = ["dev"]
dependencies = [
    "build>=0.1",
    "setuptools",
]
files = [
    {file = "check-manifest-0.49.tar.gz", hash = "sha256:64a640445542cf226919657c7b78d02d9c1ca5b1c25d7e66e0e1ff325060f416"},
    {file = "check_manifest-0.49-py3-none-any.whl", hash = "sha256:058cd30057714c39b96ce4d83f254fc770e3145c7b1932b5940b4e3efb5521ef"},
]

[[package]]
name = "click"
version = "8.1.7"
requires_python = ">=3.7"
summary = "Composable command line interface toolkit"
groups = ["dev"]
dependencies = [
    "colorama; platform_system == \"Windows\"",
]
files = [
    {file = "click-8.1.7-py3-none-any.whl", hash = "sha256:ae74fb96c20a0277a1d615f1e4d73c8414f5a98db8b799a7931d1582f3390c28"},
    {file = "click-8.1.7.tar.gz", hash = "sha256:ca9853ad459e787e2192211578cc907e7594e294c7ccc834310722b41b9ca6de"},
]

[[package]]
name = "colorama"
version = "0.4.6"
requires_python = "!=3.0.*,!=3.1.*,!=3.2.*,!=3.3.*,!=3.4.*,!=3.5.*,!=3.6.*,>=2.7"
summary = "Cross-platform colored terminal text."
groups = ["dev", "docs"]
marker = "sys_platform == \"win32\" or platform_system == \"Windows\" or os_name == \"nt\""
files = [
    {file = "colorama-0.4.6-py2.py3-none-any.whl", hash = "sha256:4f1d9991f5acc0ca119f9d443620b77f9d6b33703e51011c16baf57afb285fc6"},
    {file = "colorama-0.4.6.tar.gz", hash = "sha256:08695f5cb7ed6e0531a20572697297273c47b8cae5a63ffc6d6ed5c201be6e44"},
]

[[package]]
name = "coverage"
version = "7.5.1"
requires_python = ">=3.8"
summary = "Code coverage measurement for Python"
groups = ["dev"]
files = [
    {file = "coverage-7.5.1-cp312-cp312-macosx_10_9_x86_64.whl", hash = "sha256:b6cf3764c030e5338e7f61f95bd21147963cf6aa16e09d2f74f1fa52013c1206"},
    {file = "coverage-7.5.1-cp312-cp312-macosx_11_0_arm64.whl", hash = "sha256:2ec92012fefebee89a6b9c79bc39051a6cb3891d562b9270ab10ecfdadbc0c34"},
    {file = "coverage-7.5.1-cp312-cp312-manylinux_2_17_aarch64.manylinux2014_aarch64.whl", hash = "sha256:16db7f26000a07efcf6aea00316f6ac57e7d9a96501e990a36f40c965ec7a95d"},
    {file = "coverage-7.5.1-cp312-cp312-manylinux_2_5_i686.manylinux1_i686.manylinux_2_17_i686.manylinux2014_i686.whl", hash = "sha256:beccf7b8a10b09c4ae543582c1319c6df47d78fd732f854ac68d518ee1fb97fa"},
    {file = "coverage-7.5.1-cp312-cp312-manylinux_2_5_x86_64.manylinux1_x86_64.manylinux_2_17_x86_64.manylinux2014_x86_64.whl", hash = "sha256:8748731ad392d736cc9ccac03c9845b13bb07d020a33423fa5b3a36521ac6e4e"},
    {file = "coverage-7.5.1-cp312-cp312-musllinux_1_1_aarch64.whl", hash = "sha256:7352b9161b33fd0b643ccd1f21f3a3908daaddf414f1c6cb9d3a2fd618bf2572"},
    {file = "coverage-7.5.1-cp312-cp312-musllinux_1_1_i686.whl", hash = "sha256:7a588d39e0925f6a2bff87154752481273cdb1736270642aeb3635cb9b4cad07"},
    {file = "coverage-7.5.1-cp312-cp312-musllinux_1_1_x86_64.whl", hash = "sha256:68f962d9b72ce69ea8621f57551b2fa9c70509af757ee3b8105d4f51b92b41a7"},
    {file = "coverage-7.5.1-cp312-cp312-win32.whl", hash = "sha256:f152cbf5b88aaeb836127d920dd0f5e7edff5a66f10c079157306c4343d86c19"},
    {file = "coverage-7.5.1-cp312-cp312-win_amd64.whl", hash = "sha256:5a5740d1fb60ddf268a3811bcd353de34eb56dc24e8f52a7f05ee513b2d4f596"},
    {file = "coverage-7.5.1-pp38.pp39.pp310-none-any.whl", hash = "sha256:6537e7c10cc47c595828b8a8be04c72144725c383c4702703ff4e42e44577312"},
    {file = "coverage-7.5.1.tar.gz", hash = "sha256:54de9ef3a9da981f7af93eafde4ede199e0846cd819eb27c88e2b712aae9708c"},
]

[[package]]
name = "coverage"
version = "7.5.1"
extras = ["toml"]
requires_python = ">=3.8"
summary = "Code coverage measurement for Python"
groups = ["dev"]
dependencies = [
    "coverage==7.5.1",
]
files = [
    {file = "coverage-7.5.1-cp312-cp312-macosx_10_9_x86_64.whl", hash = "sha256:b6cf3764c030e5338e7f61f95bd21147963cf6aa16e09d2f74f1fa52013c1206"},
    {file = "coverage-7.5.1-cp312-cp312-macosx_11_0_arm64.whl", hash = "sha256:2ec92012fefebee89a6b9c79bc39051a6cb3891d562b9270ab10ecfdadbc0c34"},
    {file = "coverage-7.5.1-cp312-cp312-manylinux_2_17_aarch64.manylinux2014_aarch64.whl", hash = "sha256:16db7f26000a07efcf6aea00316f6ac57e7d9a96501e990a36f40c965ec7a95d"},
    {file = "coverage-7.5.1-cp312-cp312-manylinux_2_5_i686.manylinux1_i686.manylinux_2_17_i686.manylinux2014_i686.whl", hash = "sha256:beccf7b8a10b09c4ae543582c1319c6df47d78fd732f854ac68d518ee1fb97fa"},
    {file = "coverage-7.5.1-cp312-cp312-manylinux_2_5_x86_64.manylinux1_x86_64.manylinux_2_17_x86_64.manylinux2014_x86_64.whl", hash = "sha256:8748731ad392d736cc9ccac03c9845b13bb07d020a33423fa5b3a36521ac6e4e"},
    {file = "coverage-7.5.1-cp312-cp312-musllinux_1_1_aarch64.whl", hash = "sha256:7352b9161b33fd0b643ccd1f21f3a3908daaddf414f1c6cb9d3a2fd618bf2572"},
    {file = "coverage-7.5.1-cp312-cp312-musllinux_1_1_i686.whl", hash = "sha256:7a588d39e0925f6a2bff87154752481273cdb1736270642aeb3635cb9b4cad07"},
    {file = "coverage-7.5.1-cp312-cp312-musllinux_1_1_x86_64.whl", hash = "sha256:68f962d9b72ce69ea8621f57551b2fa9c70509af757ee3b8105d4f51b92b41a7"},
    {file = "coverage-7.5.1-cp312-cp312-win32.whl", hash = "sha256:f152cbf5b88aaeb836127d920dd0f5e7edff5a66f10c079157306c4343d86c19"},
    {file = "coverage-7.5.1-cp312-cp312-win_amd64.whl", hash = "sha256:5a5740d1fb60ddf268a3811bcd353de34eb56dc24e8f52a7f05ee513b2d4f596"},
    {file = "coverage-7.5.1-pp38.pp39.pp310-none-any.whl", hash = "sha256:6537e7c10cc47c595828b8a8be04c72144725c383c4702703ff4e42e44577312"},
    {file = "coverage-7.5.1.tar.gz", hash = "sha256:54de9ef3a9da981f7af93eafde4ede199e0846cd819eb27c88e2b712aae9708c"},
]

[[package]]
name = "dill"
version = "0.3.8"
requires_python = ">=3.8"
summary = "serialize all of Python"
groups = ["dev"]
marker = "python_version >= \"3.11\""
files = [
    {file = "dill-0.3.8-py3-none-any.whl", hash = "sha256:c36ca9ffb54365bdd2f8eb3eff7d2a21237f8452b57ace88b1ac615b7e815bd7"},
    {file = "dill-0.3.8.tar.gz", hash = "sha256:3ebe3c479ad625c4553aca177444d89b486b1d84982eeacded644afc0cf797ca"},
]

[[package]]
name = "distlib"
version = "0.3.8"
summary = "Distribution utilities"
groups = ["dev"]
files = [
    {file = "distlib-0.3.8-py2.py3-none-any.whl", hash = "sha256:034db59a0b96f8ca18035f36290806a9a6e6bd9d1ff91e45a7f172eb17e51784"},
    {file = "distlib-0.3.8.tar.gz", hash = "sha256:1530ea13e350031b6312d8580ddb6b27a104275a31106523b8f123787f494f64"},
]

[[package]]
name = "docutils"
version = "0.20.1"
requires_python = ">=3.7"
summary = "Docutils -- Python Documentation Utilities"
groups = ["docs"]
files = [
    {file = "docutils-0.20.1-py3-none-any.whl", hash = "sha256:96f387a2c5562db4476f09f13bbab2192e764cac08ebbf3a34a95d9b1e4a59d6"},
    {file = "docutils-0.20.1.tar.gz", hash = "sha256:f08a4e276c3a1583a86dce3e34aba3fe04d02bba2dd51ed16106244e8a923e3b"},
]

[[package]]
name = "filelock"
version = "3.14.0"
requires_python = ">=3.8"
summary = "A platform independent file lock."
groups = ["dev"]
files = [
    {file = "filelock-3.14.0-py3-none-any.whl", hash = "sha256:43339835842f110ca7ae60f1e1c160714c5a6afd15a2873419ab185334975c0f"},
    {file = "filelock-3.14.0.tar.gz", hash = "sha256:6ea72da3be9b8c82afd3edcf99f2fffbb5076335a5ae4d03248bb5b6c3eae78a"},
]

[[package]]
name = "flake8"
version = "7.0.0"
requires_python = ">=3.8.1"
summary = "the modular source code checker: pep8 pyflakes and co"
groups = ["dev"]
dependencies = [
    "mccabe<0.8.0,>=0.7.0",
    "pycodestyle<2.12.0,>=2.11.0",
    "pyflakes<3.3.0,>=3.2.0",
]
files = [
    {file = "flake8-7.0.0-py2.py3-none-any.whl", hash = "sha256:a6dfbb75e03252917f2473ea9653f7cd799c3064e54d4c8140044c5c065f53c3"},
    {file = "flake8-7.0.0.tar.gz", hash = "sha256:33f96621059e65eec474169085dc92bf26e7b2d47366b70be2f67ab80dc25132"},
]

[[package]]
name = "flake8-bugbear"
version = "24.4.26"
requires_python = ">=3.8.1"
summary = "A plugin for flake8 finding likely bugs and design problems in your program. Contains warnings that don't belong in pyflakes and pycodestyle."
groups = ["dev"]
dependencies = [
    "attrs>=19.2.0",
    "flake8>=6.0.0",
]
files = [
    {file = "flake8_bugbear-24.4.26-py3-none-any.whl", hash = "sha256:cb430dd86bc821d79ccc0b030789a9c87a47a369667f12ba06e80f11305e8258"},
    {file = "flake8_bugbear-24.4.26.tar.gz", hash = "sha256:ff8d4ba5719019ebf98e754624c30c05cef0dadcf18a65d91c7567300e52a130"},
]

[[package]]
name = "flake8-docstrings"
version = "1.7.0"
requires_python = ">=3.7"
summary = "Extension for flake8 which uses pydocstyle to check docstrings"
groups = ["dev"]
dependencies = [
    "flake8>=3",
    "pydocstyle>=2.1",
]
files = [
    {file = "flake8_docstrings-1.7.0-py2.py3-none-any.whl", hash = "sha256:51f2344026da083fc084166a9353f5082b01f72901df422f74b4d953ae88ac75"},
    {file = "flake8_docstrings-1.7.0.tar.gz", hash = "sha256:4c8cc748dc16e6869728699e5d0d685da9a10b0ea718e090b1ba088e67a941af"},
]

[[package]]
name = "flake8-formatter-junit-xml"
version = "0.0.6"
summary = "JUnit XML Formatter for flake8"
groups = ["dev"]
dependencies = [
    "flake8>3.0.0",
    "junit-xml>=1.8",
]
files = [
    {file = "flake8_formatter_junit_xml-0.0.6-py2.py3-none-any.whl", hash = "sha256:6358a44ecafdf0f9c8ee5314859b8d6f553dc2e55e946a24c538185e1eba7ce6"},
    {file = "flake8_formatter_junit_xml-0.0.6.tar.gz", hash = "sha256:1ddd9356bb30ba736c3f14c769c837cfacf4f79c3d383ab963ef9d38eea05a9c"},
]

[[package]]
name = "flake8-pyproject"
version = "1.2.3"
requires_python = ">= 3.6"
summary = "Flake8 plug-in loading the configuration from pyproject.toml"
groups = ["dev"]
dependencies = [
    "Flake8>=5",
]
files = [
    {file = "flake8_pyproject-1.2.3-py3-none-any.whl", hash = "sha256:6249fe53545205af5e76837644dc80b4c10037e73a0e5db87ff562d75fb5bd4a"},
]

[[package]]
name = "identify"
version = "2.5.36"
requires_python = ">=3.8"
summary = "File identification library for Python"
groups = ["dev"]
files = [
    {file = "identify-2.5.36-py2.py3-none-any.whl", hash = "sha256:37d93f380f4de590500d9dba7db359d0d3da95ffe7f9de1753faa159e71e7dfa"},
    {file = "identify-2.5.36.tar.gz", hash = "sha256:e5e00f54165f9047fbebeb4a560f9acfb8af4c88232be60a488e9b68d122745d"},
]

[[package]]
name = "idna"
version = "3.7"
requires_python = ">=3.5"
summary = "Internationalized Domain Names in Applications (IDNA)"
groups = ["docs"]
files = [
    {file = "idna-3.7-py3-none-any.whl", hash = "sha256:82fee1fc78add43492d3a1898bfa6d8a904cc97d8427f683ed8e798d07761aa0"},
    {file = "idna-3.7.tar.gz", hash = "sha256:028ff3aadf0609c1fd278d8ea3089299412a7a8b9bd005dd08b9f8285bcb5cfc"},
]

[[package]]
name = "imagesize"
version = "1.4.1"
requires_python = ">=2.7, !=3.0.*, !=3.1.*, !=3.2.*, !=3.3.*"
summary = "Getting image size from png/jpeg/jpeg2000/gif file"
groups = ["docs"]
files = [
    {file = "imagesize-1.4.1-py2.py3-none-any.whl", hash = "sha256:0d8d18d08f840c19d0ee7ca1fd82490fdc3729b7ac93f49870406ddde8ef8d8b"},
    {file = "imagesize-1.4.1.tar.gz", hash = "sha256:69150444affb9cb0d5cc5a92b3676f0b2fb7cd9ae39e947a5e11a36b4497cd4a"},
]

[[package]]
name = "iniconfig"
version = "2.0.0"
requires_python = ">=3.7"
summary = "brain-dead simple config-ini parsing"
groups = ["dev"]
files = [
    {file = "iniconfig-2.0.0-py3-none-any.whl", hash = "sha256:b6a85871a79d2e3b22d2d1b94ac2824226a63c6b741c88f7ae975f18b6778374"},
    {file = "iniconfig-2.0.0.tar.gz", hash = "sha256:2d91e135bf72d31a410b17c16da610a82cb55f6b0477d1a902134b24a455b8b3"},
]

[[package]]
name = "isort"
version = "5.13.2"
requires_python = ">=3.8.0"
summary = "A Python utility / library to sort Python imports."
groups = ["dev"]
files = [
    {file = "isort-5.13.2-py3-none-any.whl", hash = "sha256:8ca5e72a8d85860d5a3fa69b8745237f2939afe12dbf656afbcb47fe72d947a6"},
    {file = "isort-5.13.2.tar.gz", hash = "sha256:48fdfcb9face5d58a4f6dde2e72a1fb8dcaf8ab26f95ab49fab84c2ddefb0109"},
]

[[package]]
name = "jinja2"
version = "3.1.4"
requires_python = ">=3.7"
summary = "A very fast and expressive template engine."
groups = ["docs"]
dependencies = [
    "MarkupSafe>=2.0",
]
files = [
    {file = "jinja2-3.1.4-py3-none-any.whl", hash = "sha256:bc5dd2abb727a5319567b7a813e6a2e7318c39f4f487cfe6c89c6f9c7d25197d"},
    {file = "jinja2-3.1.4.tar.gz", hash = "sha256:4a3aee7acbbe7303aede8e9648d13b8bf88a429282aa6122a993f0ac800cb369"},
]

[[package]]
name = "junit-xml"
version = "1.9"
summary = "Creates JUnit XML test result documents that can be read by tools such as Jenkins"
groups = ["dev"]
dependencies = [
    "six",
]
files = [
    {file = "junit-xml-1.9.tar.gz", hash = "sha256:de16a051990d4e25a3982b2dd9e89d671067548718866416faec14d9de56db9f"},
    {file = "junit_xml-1.9-py2.py3-none-any.whl", hash = "sha256:ec5ca1a55aefdd76d28fcc0b135251d156c7106fa979686a4b48d62b761b4732"},
]

[[package]]
name = "junit-xml-2"
version = "1.9"
summary = "Fork of https://github.com/kyrus/python-junit-xml that has tarball published to pypi"
groups = ["dev"]
dependencies = [
    "six",
]
files = [
    {file = "junit-xml-2-1.9.tar.gz", hash = "sha256:3b8d9635c5215f754c7807104f6493e3ea3bc9481e2d33db294560da3a1b00f7"},
    {file = "junit_xml_2-1.9-py2.py3-none-any.whl", hash = "sha256:05093d75fe11120ccd51293884b5ee334ff3bc4b5106647c2bcc928486600588"},
]

[[package]]
name = "markdown-it-py"
version = "3.0.0"
requires_python = ">=3.8"
summary = "Python port of markdown-it. Markdown parsing, done right!"
groups = ["dev"]
dependencies = [
    "mdurl~=0.1",
]
files = [
    {file = "markdown-it-py-3.0.0.tar.gz", hash = "sha256:e3f60a94fa066dc52ec76661e37c851cb232d92f9886b15cb560aaada2df8feb"},
    {file = "markdown_it_py-3.0.0-py3-none-any.whl", hash = "sha256:355216845c60bd96232cd8d8c40e8f9765cc86f46880e43a8fd22dc1a1a8cab1"},
]

[[package]]
name = "markupsafe"
version = "2.1.5"
requires_python = ">=3.7"
summary = "Safely add untrusted strings to HTML/XML markup."
groups = ["docs"]
files = [
    {file = "MarkupSafe-2.1.5-cp312-cp312-macosx_10_9_universal2.whl", hash = "sha256:8dec4936e9c3100156f8a2dc89c4b88d5c435175ff03413b443469c7c8c5f4d1"},
    {file = "MarkupSafe-2.1.5-cp312-cp312-macosx_10_9_x86_64.whl", hash = "sha256:3c6b973f22eb18a789b1460b4b91bf04ae3f0c4234a0a6aa6b0a92f6f7b951d4"},
    {file = "MarkupSafe-2.1.5-cp312-cp312-manylinux_2_17_aarch64.manylinux2014_aarch64.whl", hash = "sha256:ac07bad82163452a6884fe8fa0963fb98c2346ba78d779ec06bd7a6262132aee"},
    {file = "MarkupSafe-2.1.5-cp312-cp312-manylinux_2_17_x86_64.manylinux2014_x86_64.whl", hash = "sha256:f5dfb42c4604dddc8e4305050aa6deb084540643ed5804d7455b5df8fe16f5e5"},
    {file = "MarkupSafe-2.1.5-cp312-cp312-manylinux_2_5_i686.manylinux1_i686.manylinux_2_17_i686.manylinux2014_i686.whl", hash = "sha256:ea3d8a3d18833cf4304cd2fc9cbb1efe188ca9b5efef2bdac7adc20594a0e46b"},
    {file = "MarkupSafe-2.1.5-cp312-cp312-musllinux_1_1_aarch64.whl", hash = "sha256:d050b3361367a06d752db6ead6e7edeb0009be66bc3bae0ee9d97fb326badc2a"},
    {file = "MarkupSafe-2.1.5-cp312-cp312-musllinux_1_1_i686.whl", hash = "sha256:bec0a414d016ac1a18862a519e54b2fd0fc8bbfd6890376898a6c0891dd82e9f"},
    {file = "MarkupSafe-2.1.5-cp312-cp312-musllinux_1_1_x86_64.whl", hash = "sha256:58c98fee265677f63a4385256a6d7683ab1832f3ddd1e66fe948d5880c21a169"},
    {file = "MarkupSafe-2.1.5-cp312-cp312-win32.whl", hash = "sha256:8590b4ae07a35970728874632fed7bd57b26b0102df2d2b233b6d9d82f6c62ad"},
    {file = "MarkupSafe-2.1.5-cp312-cp312-win_amd64.whl", hash = "sha256:823b65d8706e32ad2df51ed89496147a42a2a6e01c13cfb6ffb8b1e92bc910bb"},
    {file = "MarkupSafe-2.1.5.tar.gz", hash = "sha256:d283d37a890ba4c1ae73ffadf8046435c76e7bc2247bbb63c00bd1a709c6544b"},
]

[[package]]
name = "mccabe"
version = "0.7.0"
requires_python = ">=3.6"
summary = "McCabe checker, plugin for flake8"
groups = ["dev"]
files = [
    {file = "mccabe-0.7.0-py2.py3-none-any.whl", hash = "sha256:6c2d30ab6be0e4a46919781807b4f0d834ebdd6c6e3dca0bda5a15f863427b6e"},
    {file = "mccabe-0.7.0.tar.gz", hash = "sha256:348e0240c33b60bbdf4e523192ef919f28cb2c3d7d5c7794f74009290f236325"},
]

[[package]]
name = "mdurl"
version = "0.1.2"
requires_python = ">=3.7"
summary = "Markdown URL utilities"
groups = ["dev"]
files = [
    {file = "mdurl-0.1.2-py3-none-any.whl", hash = "sha256:84008a41e51615a49fc9966191ff91509e3c40b939176e643fd50a5c2196b8f8"},
    {file = "mdurl-0.1.2.tar.gz", hash = "sha256:bb413d29f5eea38f31dd4754dd7377d4465116fb207585f97bf925588687c1ba"},
]

[[package]]
name = "mypy-extensions"
version = "1.0.0"
requires_python = ">=3.5"
summary = "Type system extensions for programs checked with the mypy type checker."
groups = ["dev"]
files = [
    {file = "mypy_extensions-1.0.0-py3-none-any.whl", hash = "sha256:4392f6c0eb8a5668a69e23d168ffa70f0be9ccfd32b5cc2d26a34ae5b844552d"},
    {file = "mypy_extensions-1.0.0.tar.gz", hash = "sha256:75dbf8955dc00442a438fc4d0666508a9a97b6bd41aa2f0ffe9d2f2725af0782"},
]

[[package]]
name = "nodeenv"
version = "1.8.0"
requires_python = ">=2.7,!=3.0.*,!=3.1.*,!=3.2.*,!=3.3.*,!=3.4.*,!=3.5.*,!=3.6.*"
summary = "Node.js virtual environment builder"
groups = ["dev"]
dependencies = [
    "setuptools",
]
files = [
    {file = "nodeenv-1.8.0-py2.py3-none-any.whl", hash = "sha256:df865724bb3c3adc86b3876fa209771517b0cfe596beff01a92700e0e8be4cec"},
    {file = "nodeenv-1.8.0.tar.gz", hash = "sha256:d51e0c37e64fbf47d017feac3145cdbb58836d7eee8c6f6d3b6880c5456227d2"},
]

[[package]]
name = "numpy"
version = "1.26.4"
requires_python = ">=3.9"
summary = "Fundamental package for array computing in Python"
groups = ["dev"]
files = [
    {file = "numpy-1.26.4-cp312-cp312-macosx_10_9_x86_64.whl", hash = "sha256:b3ce300f3644fb06443ee2222c2201dd3a89ea6040541412b8fa189341847218"},
    {file = "numpy-1.26.4-cp312-cp312-macosx_11_0_arm64.whl", hash = "sha256:03a8c78d01d9781b28a6989f6fa1bb2c4f2d51201cf99d3dd875df6fbd96b23b"},
    {file = "numpy-1.26.4-cp312-cp312-manylinux_2_17_aarch64.manylinux2014_aarch64.whl", hash = "sha256:9fad7dcb1aac3c7f0584a5a8133e3a43eeb2fe127f47e3632d43d677c66c102b"},
    {file = "numpy-1.26.4-cp312-cp312-manylinux_2_17_x86_64.manylinux2014_x86_64.whl", hash = "sha256:675d61ffbfa78604709862923189bad94014bef562cc35cf61d3a07bba02a7ed"},
    {file = "numpy-1.26.4-cp312-cp312-musllinux_1_1_aarch64.whl", hash = "sha256:ab47dbe5cc8210f55aa58e4805fe224dac469cde56b9f731a4c098b91917159a"},
    {file = "numpy-1.26.4-cp312-cp312-musllinux_1_1_x86_64.whl", hash = "sha256:1dda2e7b4ec9dd512f84935c5f126c8bd8b9f2fc001e9f54af255e8c5f16b0e0"},
    {file = "numpy-1.26.4-cp312-cp312-win32.whl", hash = "sha256:50193e430acfc1346175fcbdaa28ffec49947a06918b7b92130744e81e640110"},
    {file = "numpy-1.26.4-cp312-cp312-win_amd64.whl", hash = "sha256:08beddf13648eb95f8d867350f6a018a4be2e5ad54c8d8caed89ebca558b2818"},
    {file = "numpy-1.26.4-pp39-pypy39_pp73-macosx_10_9_x86_64.whl", hash = "sha256:afedb719a9dcfc7eaf2287b839d8198e06dcd4cb5d276a3df279231138e83d30"},
    {file = "numpy-1.26.4-pp39-pypy39_pp73-manylinux_2_17_x86_64.manylinux2014_x86_64.whl", hash = "sha256:95a7476c59002f2f6c590b9b7b998306fba6a5aa646b1e22ddfeaf8f78c3a29c"},
    {file = "numpy-1.26.4-pp39-pypy39_pp73-win_amd64.whl", hash = "sha256:7e50d0a0cc3189f9cb0aeb3a6a6af18c16f59f004b866cd2be1c14b36134a4a0"},
    {file = "numpy-1.26.4.tar.gz", hash = "sha256:2a02aba9ed12e4ac4eb3ea9421c420301a0c6460d9830d74a9df87efa4912010"},
]

[[package]]
name = "packaging"
version = "24.0"
requires_python = ">=3.7"
summary = "Core utilities for Python packages"
groups = ["dev", "docs"]
files = [
    {file = "packaging-24.0-py3-none-any.whl", hash = "sha256:2ddfb553fdf02fb784c234c7ba6ccc288296ceabec964ad2eae3777778130bc5"},
    {file = "packaging-24.0.tar.gz", hash = "sha256:eb82c5e3e56209074766e6885bb04b8c38a0c015d0a30036ebe7ece34c9989e9"},
]

[[package]]
name = "pathspec"
version = "0.12.1"
requires_python = ">=3.8"
summary = "Utility library for gitignore style pattern matching of file paths."
groups = ["dev"]
files = [
    {file = "pathspec-0.12.1-py3-none-any.whl", hash = "sha256:a0d503e138a4c123b27490a4f7beda6a01c6f288df0e4a8b79c7eb0dc7b4cc08"},
    {file = "pathspec-0.12.1.tar.gz", hash = "sha256:a482d51503a1ab33b1c67a6c3813a26953dbdc71c31dacaef9a838c4e29f5712"},
]

[[package]]
name = "pbr"
version = "6.0.0"
requires_python = ">=2.6"
summary = "Python Build Reasonableness"
groups = ["dev"]
files = [
    {file = "pbr-6.0.0-py2.py3-none-any.whl", hash = "sha256:4a7317d5e3b17a3dccb6a8cfe67dab65b20551404c52c8ed41279fa4f0cb4cda"},
    {file = "pbr-6.0.0.tar.gz", hash = "sha256:d1377122a5a00e2f940ee482999518efe16d745d423a670c27773dfbc3c9a7d9"},
]

[[package]]
name = "platformdirs"
version = "4.2.1"
requires_python = ">=3.8"
summary = "A small Python package for determining appropriate platform-specific dirs, e.g. a `user data dir`."
groups = ["dev"]
files = [
    {file = "platformdirs-4.2.1-py3-none-any.whl", hash = "sha256:17d5a1161b3fd67b390023cb2d3b026bbd40abde6fdb052dfbd3a29c3ba22ee1"},
    {file = "platformdirs-4.2.1.tar.gz", hash = "sha256:031cd18d4ec63ec53e82dceaac0417d218a6863f7745dfcc9efe7793b7039bdf"},
]

[[package]]
name = "pluggy"
version = "1.5.0"
requires_python = ">=3.8"
summary = "plugin and hook calling mechanisms for python"
groups = ["dev"]
files = [
    {file = "pluggy-1.5.0-py3-none-any.whl", hash = "sha256:44e1ad92c8ca002de6377e165f3e0f1be63266ab4d554740532335b9d75ea669"},
    {file = "pluggy-1.5.0.tar.gz", hash = "sha256:2cffa88e94fdc978c4c574f15f9e59b7f4201d439195c3715ca9e2486f1d0cf1"},
]

[[package]]
name = "pre-commit"
version = "3.7.0"
requires_python = ">=3.9"
summary = "A framework for managing and maintaining multi-language pre-commit hooks."
groups = ["dev"]
dependencies = [
    "cfgv>=2.0.0",
    "identify>=1.0.0",
    "nodeenv>=0.11.1",
    "pyyaml>=5.1",
    "virtualenv>=20.10.0",
]
files = [
    {file = "pre_commit-3.7.0-py2.py3-none-any.whl", hash = "sha256:5eae9e10c2b5ac51577c3452ec0a490455c45a0533f7960f993a0d01e59decab"},
    {file = "pre_commit-3.7.0.tar.gz", hash = "sha256:e209d61b8acdcf742404408531f0c37d49d2c734fd7cff2d6076083d191cb060"},
]

[[package]]
name = "pyarrow"
version = "15.0.0"
requires_python = ">=3.8"
summary = "Python library for Apache Arrow"
groups = ["dev"]
dependencies = [
    "numpy<2,>=1.16.6",
]
files = [
    {file = "pyarrow-15.0.0-cp312-cp312-macosx_10_15_x86_64.whl", hash = "sha256:9950a9c9df24090d3d558b43b97753b8f5867fb8e521f29876aa021c52fda351"},
    {file = "pyarrow-15.0.0-cp312-cp312-macosx_11_0_arm64.whl", hash = "sha256:003d680b5e422d0204e7287bb3fa775b332b3fce2996aa69e9adea23f5c8f970"},
    {file = "pyarrow-15.0.0-cp312-cp312-manylinux_2_17_aarch64.manylinux2014_aarch64.whl", hash = "sha256:f75fce89dad10c95f4bf590b765e3ae98bcc5ba9f6ce75adb828a334e26a3d40"},
    {file = "pyarrow-15.0.0-cp312-cp312-manylinux_2_17_x86_64.manylinux2014_x86_64.whl", hash = "sha256:0ca9cb0039923bec49b4fe23803807e4ef39576a2bec59c32b11296464623dc2"},
    {file = "pyarrow-15.0.0-cp312-cp312-manylinux_2_28_aarch64.whl", hash = "sha256:9ed5a78ed29d171d0acc26a305a4b7f83c122d54ff5270810ac23c75813585e4"},
    {file = "pyarrow-15.0.0-cp312-cp312-manylinux_2_28_x86_64.whl", hash = "sha256:6eda9e117f0402dfcd3cd6ec9bfee89ac5071c48fc83a84f3075b60efa96747f"},
    {file = "pyarrow-15.0.0-cp312-cp312-win_amd64.whl", hash = "sha256:9a3a6180c0e8f2727e6f1b1c87c72d3254cac909e609f35f22532e4115461177"},
    {file = "pyarrow-15.0.0.tar.gz", hash = "sha256:876858f549d540898f927eba4ef77cd549ad8d24baa3207cf1b72e5788b50e83"},
]

[[package]]
name = "pycodestyle"
version = "2.11.1"
requires_python = ">=3.8"
summary = "Python style guide checker"
groups = ["dev"]
files = [
    {file = "pycodestyle-2.11.1-py2.py3-none-any.whl", hash = "sha256:44fe31000b2d866f2e41841b18528a505fbd7fef9017b04eff4e2648a0fadc67"},
    {file = "pycodestyle-2.11.1.tar.gz", hash = "sha256:41ba0e7afc9752dfb53ced5489e89f8186be00e599e712660695b7a75ff2663f"},
]

[[package]]
name = "pydocstyle"
version = "6.3.0"
requires_python = ">=3.6"
summary = "Python docstring style checker"
groups = ["dev"]
dependencies = [
    "snowballstemmer>=2.2.0",
]
files = [
    {file = "pydocstyle-6.3.0-py3-none-any.whl", hash = "sha256:118762d452a49d6b05e194ef344a55822987a462831ade91ec5c06fd2169d019"},
    {file = "pydocstyle-6.3.0.tar.gz", hash = "sha256:7ce43f0c0ac87b07494eb9c0b462c0b73e6ff276807f204d6b53edc72b7e44e1"},
]

[[package]]
name = "pyflakes"
version = "3.2.0"
requires_python = ">=3.8"
summary = "passive checker of Python programs"
groups = ["dev"]
files = [
    {file = "pyflakes-3.2.0-py2.py3-none-any.whl", hash = "sha256:84b5be138a2dfbb40689ca07e2152deb896a65c3a3e24c251c5c62489568074a"},
    {file = "pyflakes-3.2.0.tar.gz", hash = "sha256:1c61603ff154621fb2a9172037d84dca3500def8c8b630657d1701f026f8af3f"},
]

[[package]]
name = "pygments"
version = "2.18.0"
requires_python = ">=3.8"
summary = "Pygments is a syntax highlighting package written in Python."
groups = ["dev", "docs"]
files = [
    {file = "pygments-2.18.0-py3-none-any.whl", hash = "sha256:b8e6aca0523f3ab76fee51799c488e38782ac06eafcf95e7ba832985c8e7b13a"},
    {file = "pygments-2.18.0.tar.gz", hash = "sha256:786ff802f32e91311bff3889f6e9a86e81505fe99f2735bb6d60ae0c5004f199"},
]

[[package]]
name = "pylance"
version = "0.10.17"
requires_python = ">=3.9"
summary = "python wrapper for Lance columnar format"
groups = ["dev"]
dependencies = [
    "numpy>=1.22",
    "pyarrow<15.0.1,>=12",
]
files = [
    {file = "pylance-0.10.17-cp39-abi3-macosx_10_15_x86_64.whl", hash = "sha256:f8ab5990fd7f61dae2ac3d6b16c65e9c1c6cade44a8c552e1c035d0968d25e7a"},
    {file = "pylance-0.10.17-cp39-abi3-macosx_11_0_arm64.whl", hash = "sha256:8b0047a4ef35032f1259804d428c288b66acb3dc4f610e9cbce5dc3935878cb9"},
    {file = "pylance-0.10.17-cp39-abi3-manylinux_2_17_x86_64.manylinux2014_x86_64.whl", hash = "sha256:a4c3a5c0f5a9f557f3dd19b4aea33fab358dba42fb3c4d37902f6f544b304d4d"},
    {file = "pylance-0.10.17-cp39-abi3-manylinux_2_24_aarch64.whl", hash = "sha256:fe03e4cb67349450978d018e9497cc6bef129bd890d8d2fea5cea7e73fd90c7e"},
    {file = "pylance-0.10.17-cp39-abi3-manylinux_2_28_x86_64.whl", hash = "sha256:b1cd8b6a435e294b2cce78c0b3d64997fd0f3a0738bfb11ed14ae13cb6ab1550"},
    {file = "pylance-0.10.17-cp39-abi3-win_amd64.whl", hash = "sha256:3fb1dc2fb0b9ad8224a5ee1a8194171be618669139dbffcd4d894dc08998b6ce"},
]

[[package]]
name = "pylint"
version = "3.1.0"
requires_python = ">=3.8.0"
summary = "python code static checker"
groups = ["dev"]
dependencies = [
    "astroid<=3.2.0-dev0,>=3.1.0",
    "colorama>=0.4.5; sys_platform == \"win32\"",
    "dill>=0.3.6; python_version >= \"3.11\"",
    "dill>=0.3.7; python_version >= \"3.12\"",
    "isort!=5.13.0,<6,>=4.2.5",
    "mccabe<0.8,>=0.6",
    "platformdirs>=2.2.0",
    "tomlkit>=0.10.1",
]
files = [
    {file = "pylint-3.1.0-py3-none-any.whl", hash = "sha256:507a5b60953874766d8a366e8e8c7af63e058b26345cfcb5f91f89d987fd6b74"},
    {file = "pylint-3.1.0.tar.gz", hash = "sha256:6a69beb4a6f63debebaab0a3477ecd0f559aa726af4954fc948c51f7a2549e23"},
]

[[package]]
name = "pylint-junit"
version = "0.3.4"
summary = "pylint reporter for junit format."
groups = ["dev"]
dependencies = [
    "junit-xml-2",
    "pylint",
]
files = [
    {file = "pylint_junit-0.3.4-py2.py3-none-any.whl", hash = "sha256:006f8e793a1b64f1e0c8a29c6ee531b8af971deddafbc605c3076270f36c88f0"},
]

[[package]]
name = "pyproject-hooks"
version = "1.1.0"
requires_python = ">=3.7"
summary = "Wrappers to call pyproject.toml-based build backend hooks."
groups = ["dev"]
files = [
    {file = "pyproject_hooks-1.1.0-py3-none-any.whl", hash = "sha256:7ceeefe9aec63a1064c18d939bdc3adf2d8aa1988a510afec15151578b232aa2"},
    {file = "pyproject_hooks-1.1.0.tar.gz", hash = "sha256:4b37730834edbd6bd37f26ece6b44802fb1c1ee2ece0e54ddff8bfc06db86965"},
]

[[package]]
name = "pytest"
version = "8.2.0"
requires_python = ">=3.8"
summary = "pytest: simple powerful testing with Python"
groups = ["dev"]
dependencies = [
    "colorama; sys_platform == \"win32\"",
    "iniconfig",
    "packaging",
    "pluggy<2.0,>=1.5",
]
files = [
    {file = "pytest-8.2.0-py3-none-any.whl", hash = "sha256:1733f0620f6cda4095bbf0d9ff8022486e91892245bb9e7d5542c018f612f233"},
    {file = "pytest-8.2.0.tar.gz", hash = "sha256:d507d4482197eac0ba2bae2e9babf0672eb333017bcedaa5fb1a3d42c1174b3f"},
]

[[package]]
name = "pytest-cov"
version = "5.0.0"
requires_python = ">=3.8"
summary = "Pytest plugin for measuring coverage."
groups = ["dev"]
dependencies = [
    "coverage[toml]>=5.2.1",
    "pytest>=4.6",
]
files = [
    {file = "pytest-cov-5.0.0.tar.gz", hash = "sha256:5837b58e9f6ebd335b0f8060eecce69b662415b16dc503883a02f45dfeb14857"},
    {file = "pytest_cov-5.0.0-py3-none-any.whl", hash = "sha256:4f0764a1219df53214206bf1feea4633c3b558a2925c8b59f144f682861ce652"},
]

[[package]]
name = "pytest-github-actions-annotate-failures"
version = "0.2.0"
requires_python = ">=3.7"
summary = "pytest plugin to annotate failed tests with a workflow command for GitHub Actions"
groups = ["dev"]
dependencies = [
    "pytest>=4.0.0",
]
files = [
    {file = "pytest-github-actions-annotate-failures-0.2.0.tar.gz", hash = "sha256:844ab626d389496e44f960b42f0a72cce29ae06d363426d17ea9ae1b4bef2288"},
    {file = "pytest_github_actions_annotate_failures-0.2.0-py3-none-any.whl", hash = "sha256:8bcef65fed503faaa0524b59cfeccc8995130972dd7b008d64193cc41b9cde85"},
]

[[package]]
name = "pytest-mock"
version = "3.14.0"
requires_python = ">=3.8"
summary = "Thin-wrapper around the mock package for easier use with pytest"
groups = ["dev"]
dependencies = [
    "pytest>=6.2.5",
]
files = [
    {file = "pytest-mock-3.14.0.tar.gz", hash = "sha256:2719255a1efeceadbc056d6bf3df3d1c5015530fb40cf347c0f9afac88410bd0"},
    {file = "pytest_mock-3.14.0-py3-none-any.whl", hash = "sha256:0b72c38033392a5f4621342fe11e9219ac11ec9d375f8e2a0c164539e0d70f6f"},
]

[[package]]
name = "pytest-runner"
version = "6.0.1"
requires_python = ">=3.7"
summary = "Invoke py.test as distutils command with dependency resolution"
groups = ["dev"]
files = [
    {file = "pytest-runner-6.0.1.tar.gz", hash = "sha256:70d4739585a7008f37bf4933c013fdb327b8878a5a69fcbb3316c88882f0f49b"},
    {file = "pytest_runner-6.0.1-py3-none-any.whl", hash = "sha256:ea326ed6f6613992746062362efab70212089a4209c08d67177b3df1c52cd9f2"},
]

[[package]]
name = "pyyaml"
version = "6.0.1"
requires_python = ">=3.6"
summary = "YAML parser and emitter for Python"
groups = ["dev"]
files = [
    {file = "PyYAML-6.0.1-cp312-cp312-macosx_10_9_x86_64.whl", hash = "sha256:855fb52b0dc35af121542a76b9a84f8d1cd886ea97c84703eaa6d88e37a2ad28"},
    {file = "PyYAML-6.0.1-cp312-cp312-macosx_11_0_arm64.whl", hash = "sha256:40df9b996c2b73138957fe23a16a4f0ba614f4c0efce1e9406a184b6d07fa3a9"},
    {file = "PyYAML-6.0.1-cp312-cp312-manylinux_2_17_aarch64.manylinux2014_aarch64.whl", hash = "sha256:a08c6f0fe150303c1c6b71ebcd7213c2858041a7e01975da3a99aed1e7a378ef"},
    {file = "PyYAML-6.0.1-cp312-cp312-manylinux_2_17_x86_64.manylinux2014_x86_64.whl", hash = "sha256:6c22bec3fbe2524cde73d7ada88f6566758a8f7227bfbf93a408a9d86bcc12a0"},
    {file = "PyYAML-6.0.1-cp312-cp312-musllinux_1_1_x86_64.whl", hash = "sha256:8d4e9c88387b0f5c7d5f281e55304de64cf7f9c0021a3525bd3b1c542da3b0e4"},
    {file = "PyYAML-6.0.1-cp312-cp312-win32.whl", hash = "sha256:d483d2cdf104e7c9fa60c544d92981f12ad66a457afae824d146093b8c294c54"},
    {file = "PyYAML-6.0.1-cp312-cp312-win_amd64.whl", hash = "sha256:0d3304d8c0adc42be59c5f8a4d9e3d7379e6955ad754aa9d6ab7a398b59dd1df"},
    {file = "PyYAML-6.0.1.tar.gz", hash = "sha256:bfdf460b1736c775f2ba9f6a92bca30bc2095067b8a9d77876d1fad6cc3b4a43"},
]

[[package]]
name = "requests"
version = "2.31.0"
requires_python = ">=3.7"
summary = "Python HTTP for Humans."
groups = ["docs"]
dependencies = [
    "certifi>=2017.4.17",
    "charset-normalizer<4,>=2",
    "idna<4,>=2.5",
    "urllib3<3,>=1.21.1",
]
files = [
    {file = "requests-2.31.0-py3-none-any.whl", hash = "sha256:58cd2187c01e70e6e26505bca751777aa9f2ee0b7f4300988b709f44e013003f"},
    {file = "requests-2.31.0.tar.gz", hash = "sha256:942c5a758f98d790eaed1a29cb6eefc7ffb0d1cf7af05c3d2791656dbd6ad1e1"},
]

[[package]]
name = "rich"
version = "13.7.1"
requires_python = ">=3.7.0"
summary = "Render rich text, tables, progress bars, syntax highlighting, markdown and more to the terminal"
groups = ["dev"]
dependencies = [
    "markdown-it-py>=2.2.0",
    "pygments<3.0.0,>=2.13.0",
]
files = [
    {file = "rich-13.7.1-py3-none-any.whl", hash = "sha256:4edbae314f59eb482f54e9e30bf00d33350aaa94f4bfcd4e9e3110e64d0d7222"},
    {file = "rich-13.7.1.tar.gz", hash = "sha256:9be308cb1fe2f1f57d67ce99e95af38a1e2bc71ad9813b0e247cf7ffbcc3a432"},
]

[[package]]
name = "setuptools"
version = "69.5.1"
requires_python = ">=3.8"
summary = "Easily download, build, install, upgrade, and uninstall Python packages"
groups = ["dev"]
files = [
    {file = "setuptools-69.5.1-py3-none-any.whl", hash = "sha256:c636ac361bc47580504644275c9ad802c50415c7522212252c033bd15f301f32"},
    {file = "setuptools-69.5.1.tar.gz", hash = "sha256:6c1fccdac05a97e598fb0ae3bbed5904ccb317337a51139dcd51453611bbb987"},
]

[[package]]
name = "shellcheck-py"
version = "0.10.0.1"
requires_python = ">=3.8"
summary = "Python wrapper around invoking shellcheck (https://www.shellcheck.net/)"
groups = ["dev"]
files = [
    {file = "shellcheck_py-0.10.0.1-py2.py3-none-macosx_11_0_x86_64.whl", hash = "sha256:48f08965cafbb3363b265c4ef40628ffced19cb6fc7c4bb5ce72d32cbcfb4bb9"},
    {file = "shellcheck_py-0.10.0.1-py2.py3-none-macosx_14_0_arm64.whl", hash = "sha256:8f3bf12ee6d0845dd5ac1a7bac8c4b1fec0379e115950986883c9488af40ada7"},
    {file = "shellcheck_py-0.10.0.1-py2.py3-none-manylinux_2_5_x86_64.manylinux1_x86_64.manylinux_2_17_x86_64.manylinux2014_x86_64.whl", hash = "sha256:c1c266f7f54cd286057c592ead3095f93d123acdcabf048879a7d8900c3aac7b"},
    {file = "shellcheck_py-0.10.0.1-py2.py3-none-win_amd64.whl", hash = "sha256:be73a16931c05f79643ff74b6519d1e1203b394583ab8c68a48a8e7f257d1090"},
    {file = "shellcheck_py-0.10.0.1.tar.gz", hash = "sha256:390826b340b8c19173922b0da5ef7b66ef34d4d087dc48aad3e01f7e77e164d9"},
]

[[package]]
name = "six"
version = "1.16.0"
requires_python = ">=2.7, !=3.0.*, !=3.1.*, !=3.2.*"
summary = "Python 2 and 3 compatibility utilities"
groups = ["dev"]
files = [
    {file = "six-1.16.0-py2.py3-none-any.whl", hash = "sha256:8abb2f1d86890a2dfb989f9a77cfcfd3e47c2a354b01111771326f8aa26e0254"},
    {file = "six-1.16.0.tar.gz", hash = "sha256:1e61c37477a1626458e36f7b1d82aa5c9b094fa4802892072e49de9c60c4c926"},
]

[[package]]
name = "snowballstemmer"
version = "2.2.0"
summary = "This package provides 29 stemmers for 28 languages generated from Snowball algorithms."
groups = ["dev", "docs"]
files = [
    {file = "snowballstemmer-2.2.0-py2.py3-none-any.whl", hash = "sha256:c8e1716e83cc398ae16824e5572ae04e0d9fc2c6b985fb0f900f5f0c96ecba1a"},
    {file = "snowballstemmer-2.2.0.tar.gz", hash = "sha256:09b16deb8547d3412ad7b590689584cd0fe25ec8db3be37788be3810cbf19cb1"},
]

[[package]]
name = "sphinx"
version = "7.3.7"
requires_python = ">=3.9"
summary = "Python documentation generator"
groups = ["docs"]
dependencies = [
    "Jinja2>=3.0",
    "Pygments>=2.14",
    "alabaster~=0.7.14",
    "babel>=2.9",
    "colorama>=0.4.5; sys_platform == \"win32\"",
    "docutils<0.22,>=0.18.1",
    "imagesize>=1.3",
    "packaging>=21.0",
    "requests>=2.25.0",
    "snowballstemmer>=2.0",
    "sphinxcontrib-applehelp",
    "sphinxcontrib-devhelp",
    "sphinxcontrib-htmlhelp>=2.0.0",
    "sphinxcontrib-jsmath",
    "sphinxcontrib-qthelp",
    "sphinxcontrib-serializinghtml>=1.1.9",
]
files = [
    {file = "sphinx-7.3.7-py3-none-any.whl", hash = "sha256:413f75440be4cacf328f580b4274ada4565fb2187d696a84970c23f77b64d8c3"},
    {file = "sphinx-7.3.7.tar.gz", hash = "sha256:a4a7db75ed37531c05002d56ed6948d4c42f473a36f46e1382b0bd76ca9627bc"},
]

[[package]]
name = "sphinx-rtd-theme"
version = "2.0.0"
requires_python = ">=3.6"
summary = "Read the Docs theme for Sphinx"
groups = ["docs"]
dependencies = [
    "docutils<0.21",
    "sphinx<8,>=5",
    "sphinxcontrib-jquery<5,>=4",
]
files = [
    {file = "sphinx_rtd_theme-2.0.0-py2.py3-none-any.whl", hash = "sha256:ec93d0856dc280cf3aee9a4c9807c60e027c7f7b461b77aeffed682e68f0e586"},
    {file = "sphinx_rtd_theme-2.0.0.tar.gz", hash = "sha256:bd5d7b80622406762073a04ef8fadc5f9151261563d47027de09910ce03afe6b"},
]

[[package]]
name = "sphinxcontrib-applehelp"
version = "1.0.8"
requires_python = ">=3.9"
summary = "sphinxcontrib-applehelp is a Sphinx extension which outputs Apple help books"
groups = ["docs"]
files = [
    {file = "sphinxcontrib_applehelp-1.0.8-py3-none-any.whl", hash = "sha256:cb61eb0ec1b61f349e5cc36b2028e9e7ca765be05e49641c97241274753067b4"},
    {file = "sphinxcontrib_applehelp-1.0.8.tar.gz", hash = "sha256:c40a4f96f3776c4393d933412053962fac2b84f4c99a7982ba42e09576a70619"},
]

[[package]]
name = "sphinxcontrib-devhelp"
version = "1.0.6"
requires_python = ">=3.9"
summary = "sphinxcontrib-devhelp is a sphinx extension which outputs Devhelp documents"
groups = ["docs"]
files = [
    {file = "sphinxcontrib_devhelp-1.0.6-py3-none-any.whl", hash = "sha256:6485d09629944511c893fa11355bda18b742b83a2b181f9a009f7e500595c90f"},
    {file = "sphinxcontrib_devhelp-1.0.6.tar.gz", hash = "sha256:9893fd3f90506bc4b97bdb977ceb8fbd823989f4316b28c3841ec128544372d3"},
]

[[package]]
name = "sphinxcontrib-htmlhelp"
version = "2.0.5"
requires_python = ">=3.9"
summary = "sphinxcontrib-htmlhelp is a sphinx extension which renders HTML help files"
groups = ["docs"]
files = [
    {file = "sphinxcontrib_htmlhelp-2.0.5-py3-none-any.whl", hash = "sha256:393f04f112b4d2f53d93448d4bce35842f62b307ccdc549ec1585e950bc35e04"},
    {file = "sphinxcontrib_htmlhelp-2.0.5.tar.gz", hash = "sha256:0dc87637d5de53dd5eec3a6a01753b1ccf99494bd756aafecd74b4fa9e729015"},
]

[[package]]
name = "sphinxcontrib-jquery"
version = "4.1"
requires_python = ">=2.7"
summary = "Extension to include jQuery on newer Sphinx releases"
groups = ["docs"]
dependencies = [
    "Sphinx>=1.8",
]
files = [
    {file = "sphinxcontrib-jquery-4.1.tar.gz", hash = "sha256:1620739f04e36a2c779f1a131a2dfd49b2fd07351bf1968ced074365933abc7a"},
    {file = "sphinxcontrib_jquery-4.1-py2.py3-none-any.whl", hash = "sha256:f936030d7d0147dd026a4f2b5a57343d233f1fc7b363f68b3d4f1cb0993878ae"},
]

[[package]]
name = "sphinxcontrib-jsmath"
version = "1.0.1"
requires_python = ">=3.5"
summary = "A sphinx extension which renders display math in HTML via JavaScript"
groups = ["docs"]
files = [
    {file = "sphinxcontrib-jsmath-1.0.1.tar.gz", hash = "sha256:a9925e4a4587247ed2191a22df5f6970656cb8ca2bd6284309578f2153e0c4b8"},
    {file = "sphinxcontrib_jsmath-1.0.1-py2.py3-none-any.whl", hash = "sha256:2ec2eaebfb78f3f2078e73666b1415417a116cc848b72e5172e596c871103178"},
]

[[package]]
name = "sphinxcontrib-qthelp"
version = "1.0.7"
requires_python = ">=3.9"
summary = "sphinxcontrib-qthelp is a sphinx extension which outputs QtHelp documents"
groups = ["docs"]
files = [
    {file = "sphinxcontrib_qthelp-1.0.7-py3-none-any.whl", hash = "sha256:e2ae3b5c492d58fcbd73281fbd27e34b8393ec34a073c792642cd8e529288182"},
    {file = "sphinxcontrib_qthelp-1.0.7.tar.gz", hash = "sha256:053dedc38823a80a7209a80860b16b722e9e0209e32fea98c90e4e6624588ed6"},
]

[[package]]
name = "sphinxcontrib-serializinghtml"
version = "1.1.10"
requires_python = ">=3.9"
summary = "sphinxcontrib-serializinghtml is a sphinx extension which outputs \"serialized\" HTML files (json and pickle)"
groups = ["docs"]
files = [
    {file = "sphinxcontrib_serializinghtml-1.1.10-py3-none-any.whl", hash = "sha256:326369b8df80a7d2d8d7f99aa5ac577f51ea51556ed974e7716cfd4fca3f6cb7"},
    {file = "sphinxcontrib_serializinghtml-1.1.10.tar.gz", hash = "sha256:93f3f5dc458b91b192fe10c397e324f262cf163d79f3282c158e8436a2c4511f"},
]

[[package]]
name = "stevedore"
version = "5.2.0"
requires_python = ">=3.8"
summary = "Manage dynamic plugins for Python applications"
groups = ["dev"]
dependencies = [
    "pbr!=2.1.0,>=2.0.0",
]
files = [
    {file = "stevedore-5.2.0-py3-none-any.whl", hash = "sha256:1c15d95766ca0569cad14cb6272d4d31dae66b011a929d7c18219c176ea1b5c9"},
    {file = "stevedore-5.2.0.tar.gz", hash = "sha256:46b93ca40e1114cea93d738a6c1e365396981bb6bb78c27045b7587c9473544d"},
]

[[package]]
name = "tomlkit"
version = "0.12.4"
requires_python = ">=3.7"
summary = "Style preserving TOML library"
groups = ["dev"]
files = [
    {file = "tomlkit-0.12.4-py3-none-any.whl", hash = "sha256:5cd82d48a3dd89dee1f9d64420aa20ae65cfbd00668d6f094d7578a78efbb77b"},
    {file = "tomlkit-0.12.4.tar.gz", hash = "sha256:7ca1cfc12232806517a8515047ba66a19369e71edf2439d0f5824f91032b6cc3"},
]

[[package]]
name = "urllib3"
version = "2.2.1"
requires_python = ">=3.8"
summary = "HTTP library with thread-safe connection pooling, file post, and more."
groups = ["docs"]
files = [
    {file = "urllib3-2.2.1-py3-none-any.whl", hash = "sha256:450b20ec296a467077128bff42b73080516e71b56ff59a60a02bef2232c4fa9d"},
    {file = "urllib3-2.2.1.tar.gz", hash = "sha256:d0570876c61ab9e520d776c38acbbb5b05a776d3f9ff98a5c8fd5162a444cf19"},
]

[[package]]
name = "virtualenv"
version = "20.26.1"
requires_python = ">=3.7"
summary = "Virtual Python Environment builder"
groups = ["dev"]
dependencies = [
    "distlib<1,>=0.3.7",
    "filelock<4,>=3.12.2",
    "platformdirs<5,>=3.9.1",
]
files = [
    {file = "virtualenv-20.26.1-py3-none-any.whl", hash = "sha256:7aa9982a728ae5892558bff6a2839c00b9ed145523ece2274fad6f414690ae75"},
    {file = "virtualenv-20.26.1.tar.gz", hash = "sha256:604bfdceaeece392802e6ae48e69cec49168b9c5f4a44e483963f9242eb0e78b"},
]
